
Microsoft Visual Studio Solution File, Format Version 12.00
# Visual Studio Version 17
VisualStudioVersion = 17.7.34031.279
MinimumVisualStudioVersion = 10.0.40219.1
Project("{FAE04EC0-301F-11D3-BF4B-00C04F79EFBC}") = "BotanicalDB", "BotanicalDB.csproj", "{C3F2F450-09F7-49EC-AF0D-5D2423FED4B9}"
EndProject
Global
	GlobalSection(SolutionConfigurationPlatforms) = preSolution
		Debug|Any CPU = Debug|Any CPU
		Release|Any CPU = Release|Any CPU
	EndGlobalSection
	GlobalSection(ProjectConfigurationPlatforms) = postSolution
		{C3F2F450-09F7-49EC-AF0D-5D2423FED4B9}.Debug|Any CPU.ActiveCfg = Debug|Any CPU
		{C3F2F450-09F7-49EC-AF0D-5D2423FED4B9}.Debug|Any CPU.Build.0 = Debug|Any CPU
		{C3F2F450-09F7-49EC-AF0D-5D2423FED4B9}.Release|Any CPU.ActiveCfg = Release|Any CPU
		{C3F2F450-09F7-49EC-AF0D-5D2423FED4B9}.Release|Any CPU.Build.0 = Release|Any CPU
	EndGlobalSection
	GlobalSection(SolutionProperties) = preSolution
		HideSolutionNode = FALSE
	EndGlobalSection
	GlobalSection(ExtensibilityGlobals) = postSolution
		SolutionGuid = {833253A5-3F5E-44EB-8787-A79EFBF74476}
	EndGlobalSection
EndGlobal
